
Microsoft Visual Studio Solution File, Format Version 12.00
# Visual Studio 14
VisualStudioVersion = 14.0.25123.0
MinimumVisualStudioVersion = 10.0.40219.1
Project("{2150E333-8FDC-42A3-9474-1A3956D46DE8}") = "Dominio", "Dominio", "{F5DA8114-3111-4022-96D9-A1FC52A5BC43}"
EndProject
Project("{2150E333-8FDC-42A3-9474-1A3956D46DE8}") = "Apresentacao", "Apresentacao", "{71FF42D9-86B9-43C5-B031-A42D387B188D}"
EndProject
Project("{2150E333-8FDC-42A3-9474-1A3956D46DE8}") = "Data", "Data", "{B4B7CF9E-ECE6-41F7-BBDB-BA02871202C7}"
EndProject
Project("{2150E333-8FDC-42A3-9474-1A3956D46DE8}") = "Aplicacao", "Aplicacao", "{65DAEE76-4B65-4F73-A20B-8C92CBCEC5AA}"
EndProject
Project("{2150E333-8FDC-42A3-9474-1A3956D46DE8}") = "Servicos", "Servicos", "{BD9BA52B-831C-4CC8-BBB5-3F2E11F5DC63}"
EndProject
Project("{FAE04EC0-301F-11D3-BF4B-00C04F79EFBC}") = "Academico.Dominio", "Academico.Dominio\Academico.Dominio.csproj", "{E1C8B80E-6C12-4879-A18C-81F13D33C04B}"
EndProject
Project("{FAE04EC0-301F-11D3-BF4B-00C04F79EFBC}") = "Academico.Data", "Academico.Data\Academico.Data.csproj", "{A791EFF5-1215-451C-9B53-5F91BA2CF433}"
EndProject
Project("{FAE04EC0-301F-11D3-BF4B-00C04F79EFBC}") = "Academico.Web", "Academico.Web\Academico.Web.csproj", "{6BFCBBED-E5C1-424F-A869-D5EA05AD8C58}"
EndProject
Global
	GlobalSection(SolutionConfigurationPlatforms) = preSolution
		Debug|Any CPU = Debug|Any CPU
		Release|Any CPU = Release|Any CPU
	EndGlobalSection
	GlobalSection(ProjectConfigurationPlatforms) = postSolution
		{E1C8B80E-6C12-4879-A18C-81F13D33C04B}.Debug|Any CPU.ActiveCfg = Debug|Any CPU
		{E1C8B80E-6C12-4879-A18C-81F13D33C04B}.Debug|Any CPU.Build.0 = Debug|Any CPU
		{E1C8B80E-6C12-4879-A18C-81F13D33C04B}.Release|Any CPU.ActiveCfg = Release|Any CPU
		{E1C8B80E-6C12-4879-A18C-81F13D33C04B}.Release|Any CPU.Build.0 = Release|Any CPU
		{A791EFF5-1215-451C-9B53-5F91BA2CF433}.Debug|Any CPU.ActiveCfg = Debug|Any CPU
		{A791EFF5-1215-451C-9B53-5F91BA2CF433}.Debug|Any CPU.Build.0 = Debug|Any CPU
		{A791EFF5-1215-451C-9B53-5F91BA2CF433}.Release|Any CPU.ActiveCfg = Release|Any CPU
		{A791EFF5-1215-451C-9B53-5F91BA2CF433}.Release|Any CPU.Build.0 = Release|Any CPU
		{6BFCBBED-E5C1-424F-A869-D5EA05AD8C58}.Debug|Any CPU.ActiveCfg = Debug|Any CPU
		{6BFCBBED-E5C1-424F-A869-D5EA05AD8C58}.Debug|Any CPU.Build.0 = Debug|Any CPU
		{6BFCBBED-E5C1-424F-A869-D5EA05AD8C58}.Release|Any CPU.ActiveCfg = Release|Any CPU
		{6BFCBBED-E5C1-424F-A869-D5EA05AD8C58}.Release|Any CPU.Build.0 = Release|Any CPU
	EndGlobalSection
	GlobalSection(SolutionProperties) = preSolution
		HideSolutionNode = FALSE
	EndGlobalSection
	GlobalSection(NestedProjects) = preSolution
		{E1C8B80E-6C12-4879-A18C-81F13D33C04B} = {F5DA8114-3111-4022-96D9-A1FC52A5BC43}
		{A791EFF5-1215-451C-9B53-5F91BA2CF433} = {B4B7CF9E-ECE6-41F7-BBDB-BA02871202C7}
		{6BFCBBED-E5C1-424F-A869-D5EA05AD8C58} = {71FF42D9-86B9-43C5-B031-A42D387B188D}
	EndGlobalSection
EndGlobal
